// !$*UTF8*$!
{
	archiveVersion = 1;
	classes = {
	};
	objectVersion = 56;
	objects = {

/* Begin PBXBuildFile section */
		B1A962012AB3ACEC00B19CF2 /* AfricaApp.swift in Sources */ = {isa = PBXBuildFile; fileRef = B1A962002AB3ACEC00B19CF2 /* AfricaApp.swift */; };
		B1A962032AB3ACEC00B19CF2 /* ContentView.swift in Sources */ = {isa = PBXBuildFile; fileRef = B1A962022AB3ACEC00B19CF2 /* ContentView.swift */; };
		B1A962052AB3ACED00B19CF2 /* Assets.xcassets in Resources */ = {isa = PBXBuildFile; fileRef = B1A962042AB3ACED00B19CF2 /* Assets.xcassets */; };
		B1A962082AB3ACED00B19CF2 /* Preview Assets.xcassets in Resources */ = {isa = PBXBuildFile; fileRef = B1A962072AB3ACED00B19CF2 /* Preview Assets.xcassets */; };
		B1A962192AB3AEFC00B19CF2 /* ostrich.mp4 in Resources */ = {isa = PBXBuildFile; fileRef = B1A9620F2AB3AEFA00B19CF2 /* ostrich.mp4 */; };
		B1A9621A2AB3AEFC00B19CF2 /* gorilla.mp4 in Resources */ = {isa = PBXBuildFile; fileRef = B1A962102AB3AEFA00B19CF2 /* gorilla.mp4 */; };
		B1A9621B2AB3AEFC00B19CF2 /* rhino.mp4 in Resources */ = {isa = PBXBuildFile; fileRef = B1A962112AB3AEFA00B19CF2 /* rhino.mp4 */; };
		B1A9621C2AB3AEFC00B19CF2 /* lion.mp4 in Resources */ = {isa = PBXBuildFile; fileRef = B1A962122AB3AEFA00B19CF2 /* lion.mp4 */; };
		B1A9621D2AB3AEFC00B19CF2 /* zebra.mp4 in Resources */ = {isa = PBXBuildFile; fileRef = B1A962132AB3AEFB00B19CF2 /* zebra.mp4 */; };
		B1A9621E2AB3AEFC00B19CF2 /* cheetah.mp4 in Resources */ = {isa = PBXBuildFile; fileRef = B1A962142AB3AEFB00B19CF2 /* cheetah.mp4 */; };
		B1A9621F2AB3AEFC00B19CF2 /* lioness.mp4 in Resources */ = {isa = PBXBuildFile; fileRef = B1A962152AB3AEFB00B19CF2 /* lioness.mp4 */; };
		B1A962202AB3AEFC00B19CF2 /* elephant.mp4 in Resources */ = {isa = PBXBuildFile; fileRef = B1A962162AB3AEFB00B19CF2 /* elephant.mp4 */; };
		B1A962212AB3AEFC00B19CF2 /* giraffe.mp4 in Resources */ = {isa = PBXBuildFile; fileRef = B1A962172AB3AEFC00B19CF2 /* giraffe.mp4 */; };
		B1A962222AB3AEFC00B19CF2 /* hippo.mp4 in Resources */ = {isa = PBXBuildFile; fileRef = B1A962182AB3AEFC00B19CF2 /* hippo.mp4 */; };
		B1A962282AB3AF2A00B19CF2 /* locations.json in Resources */ = {isa = PBXBuildFile; fileRef = B1A962242AB3AF2A00B19CF2 /* locations.json */; };
		B1A962292AB3AF2A00B19CF2 /* videos.json in Resources */ = {isa = PBXBuildFile; fileRef = B1A962252AB3AF2A00B19CF2 /* videos.json */; };
		B1A9622A2AB3AF2A00B19CF2 /* covers.json in Resources */ = {isa = PBXBuildFile; fileRef = B1A962262AB3AF2A00B19CF2 /* covers.json */; };
		B1A9622B2AB3AF2A00B19CF2 /* animals.json in Resources */ = {isa = PBXBuildFile; fileRef = B1A962272AB3AF2A00B19CF2 /* animals.json */; };
		B1A9622F2AB3B0BD00B19CF2 /* VideoListView.swift in Sources */ = {isa = PBXBuildFile; fileRef = B1A9622E2AB3B0BD00B19CF2 /* VideoListView.swift */; };
		B1A962312AB3B0D900B19CF2 /* MapView.swift in Sources */ = {isa = PBXBuildFile; fileRef = B1A962302AB3B0D900B19CF2 /* MapView.swift */; };
		B1A962332AB3B0ED00B19CF2 /* GalleryView.swift in Sources */ = {isa = PBXBuildFile; fileRef = B1A962322AB3B0ED00B19CF2 /* GalleryView.swift */; };
		B1A962352AB3B0FE00B19CF2 /* MainView.swift in Sources */ = {isa = PBXBuildFile; fileRef = B1A962342AB3B0FE00B19CF2 /* MainView.swift */; };
		B1A962382AB3B38D00B19CF2 /* CoverImageView.swift in Sources */ = {isa = PBXBuildFile; fileRef = B1A962372AB3B38D00B19CF2 /* CoverImageView.swift */; };
		B1A9623B2AB3B50F00B19CF2 /* CoverImageModel.swift in Sources */ = {isa = PBXBuildFile; fileRef = B1A9623A2AB3B50F00B19CF2 /* CoverImageModel.swift */; };
		B1A9623E2AB3B5F800B19CF2 /* CodableBundleExtension.swift in Sources */ = {isa = PBXBuildFile; fileRef = B1A9623D2AB3B5F800B19CF2 /* CodableBundleExtension.swift */; };
		B1A962402AB3B9B100B19CF2 /* AnimalListItemView.swift in Sources */ = {isa = PBXBuildFile; fileRef = B1A9623F2AB3B9B100B19CF2 /* AnimalListItemView.swift */; };
		B1A962422AB3BB0200B19CF2 /* AnimalModel.swift in Sources */ = {isa = PBXBuildFile; fileRef = B1A962412AB3BB0200B19CF2 /* AnimalModel.swift */; };
		B1A962442AB3EA4500B19CF2 /* AnimalDetailView.swift in Sources */ = {isa = PBXBuildFile; fileRef = B1A962432AB3EA4500B19CF2 /* AnimalDetailView.swift */; };
		B1A962462AB3EC8600B19CF2 /* HeadingView.swift in Sources */ = {isa = PBXBuildFile; fileRef = B1A962452AB3EC8600B19CF2 /* HeadingView.swift */; };
		B1A962482AB3ED8900B19CF2 /* InsetGalleryView.swift in Sources */ = {isa = PBXBuildFile; fileRef = B1A962472AB3ED8900B19CF2 /* InsetGalleryView.swift */; };
		B1A9624A2AB3F01700B19CF2 /* InsetFactView.swift in Sources */ = {isa = PBXBuildFile; fileRef = B1A962492AB3F01700B19CF2 /* InsetFactView.swift */; };
		B1A9624C2AB3F32800B19CF2 /* InsetMapView.swift in Sources */ = {isa = PBXBuildFile; fileRef = B1A9624B2AB3F32800B19CF2 /* InsetMapView.swift */; };
		B1A9624E2AB3F5B400B19CF2 /* ExternalWeblinkView.swift in Sources */ = {isa = PBXBuildFile; fileRef = B1A9624D2AB3F5B400B19CF2 /* ExternalWeblinkView.swift */; };
		B1A962502AB3FB4000B19CF2 /* VideoModel.swift in Sources */ = {isa = PBXBuildFile; fileRef = B1A9624F2AB3FB4000B19CF2 /* VideoModel.swift */; };
		B1A962522AB3FB8800B19CF2 /* VideoListItemView.swift in Sources */ = {isa = PBXBuildFile; fileRef = B1A962512AB3FB8800B19CF2 /* VideoListItemView.swift */; };
		B1A962542AB400CB00B19CF2 /* VideoPlayerView.swift in Sources */ = {isa = PBXBuildFile; fileRef = B1A962532AB400CB00B19CF2 /* VideoPlayerView.swift */; };
		B1A962572AB4019300B19CF2 /* VideoPlayerHelper.swift in Sources */ = {isa = PBXBuildFile; fileRef = B1A962562AB4019300B19CF2 /* VideoPlayerHelper.swift */; };
		B1A962592AB4049D00B19CF2 /* LocationModel.swift in Sources */ = {isa = PBXBuildFile; fileRef = B1A962582AB4049D00B19CF2 /* LocationModel.swift */; };
/* End PBXBuildFile section */

/* Begin PBXFileReference section */
		B1A961FD2AB3ACEC00B19CF2 /* Africa.app */ = {isa = PBXFileReference; explicitFileType = wrapper.application; includeInIndex = 0; path = Africa.app; sourceTree = BUILT_PRODUCTS_DIR; };
		B1A962002AB3ACEC00B19CF2 /* AfricaApp.swift */ = {isa = PBXFileReference; lastKnownFileType = sourcecode.swift; path = AfricaApp.swift; sourceTree = "<group>"; };
		B1A962022AB3ACEC00B19CF2 /* ContentView.swift */ = {isa = PBXFileReference; lastKnownFileType = sourcecode.swift; path = ContentView.swift; sourceTree = "<group>"; };
		B1A962042AB3ACED00B19CF2 /* Assets.xcassets */ = {isa = PBXFileReference; lastKnownFileType = folder.assetcatalog; path = Assets.xcassets; sourceTree = "<group>"; };
		B1A962072AB3ACED00B19CF2 /* Preview Assets.xcassets */ = {isa = PBXFileReference; lastKnownFileType = folder.assetcatalog; path = "Preview Assets.xcassets"; sourceTree = "<group>"; };
		B1A9620F2AB3AEFA00B19CF2 /* ostrich.mp4 */ = {isa = PBXFileReference; lastKnownFileType = file; path = ostrich.mp4; sourceTree = "<group>"; };
		B1A962102AB3AEFA00B19CF2 /* gorilla.mp4 */ = {isa = PBXFileReference; lastKnownFileType = file; path = gorilla.mp4; sourceTree = "<group>"; };
		B1A962112AB3AEFA00B19CF2 /* rhino.mp4 */ = {isa = PBXFileReference; lastKnownFileType = file; path = rhino.mp4; sourceTree = "<group>"; };
		B1A962122AB3AEFA00B19CF2 /* lion.mp4 */ = {isa = PBXFileReference; lastKnownFileType = file; path = lion.mp4; sourceTree = "<group>"; };
		B1A962132AB3AEFB00B19CF2 /* zebra.mp4 */ = {isa = PBXFileReference; lastKnownFileType = file; path = zebra.mp4; sourceTree = "<group>"; };
		B1A962142AB3AEFB00B19CF2 /* cheetah.mp4 */ = {isa = PBXFileReference; lastKnownFileType = file; path = cheetah.mp4; sourceTree = "<group>"; };
		B1A962152AB3AEFB00B19CF2 /* lioness.mp4 */ = {isa = PBXFileReference; lastKnownFileType = file; path = lioness.mp4; sourceTree = "<group>"; };
		B1A962162AB3AEFB00B19CF2 /* elephant.mp4 */ = {isa = PBXFileReference; lastKnownFileType = file; path = elephant.mp4; sourceTree = "<group>"; };
		B1A962172AB3AEFC00B19CF2 /* giraffe.mp4 */ = {isa = PBXFileReference; lastKnownFileType = file; path = giraffe.mp4; sourceTree = "<group>"; };
		B1A962182AB3AEFC00B19CF2 /* hippo.mp4 */ = {isa = PBXFileReference; lastKnownFileType = file; path = hippo.mp4; sourceTree = "<group>"; };
		B1A962242AB3AF2A00B19CF2 /* locations.json */ = {isa = PBXFileReference; fileEncoding = 4; lastKnownFileType = text.json; path = locations.json; sourceTree = "<group>"; };
		B1A962252AB3AF2A00B19CF2 /* videos.json */ = {isa = PBXFileReference; fileEncoding = 4; lastKnownFileType = text.json; path = videos.json; sourceTree = "<group>"; };
		B1A962262AB3AF2A00B19CF2 /* covers.json */ = {isa = PBXFileReference; fileEncoding = 4; lastKnownFileType = text.json; path = covers.json; sourceTree = "<group>"; };
		B1A962272AB3AF2A00B19CF2 /* animals.json */ = {isa = PBXFileReference; fileEncoding = 4; lastKnownFileType = text.json; path = animals.json; sourceTree = "<group>"; };
		B1A9622C2AB3AFC800B19CF2 /* Info.plist */ = {isa = PBXFileReference; lastKnownFileType = text.plist; path = Info.plist; sourceTree = "<group>"; };
		B1A9622E2AB3B0BD00B19CF2 /* VideoListView.swift */ = {isa = PBXFileReference; lastKnownFileType = sourcecode.swift; path = VideoListView.swift; sourceTree = "<group>"; };
		B1A962302AB3B0D900B19CF2 /* MapView.swift */ = {isa = PBXFileReference; lastKnownFileType = sourcecode.swift; path = MapView.swift; sourceTree = "<group>"; };
		B1A962322AB3B0ED00B19CF2 /* GalleryView.swift */ = {isa = PBXFileReference; lastKnownFileType = sourcecode.swift; path = GalleryView.swift; sourceTree = "<group>"; };
		B1A962342AB3B0FE00B19CF2 /* MainView.swift */ = {isa = PBXFileReference; lastKnownFileType = sourcecode.swift; path = MainView.swift; sourceTree = "<group>"; };
		B1A962372AB3B38D00B19CF2 /* CoverImageView.swift */ = {isa = PBXFileReference; lastKnownFileType = sourcecode.swift; path = CoverImageView.swift; sourceTree = "<group>"; };
		B1A9623A2AB3B50F00B19CF2 /* CoverImageModel.swift */ = {isa = PBXFileReference; lastKnownFileType = sourcecode.swift; path = CoverImageModel.swift; sourceTree = "<group>"; };
		B1A9623D2AB3B5F800B19CF2 /* CodableBundleExtension.swift */ = {isa = PBXFileReference; lastKnownFileType = sourcecode.swift; path = CodableBundleExtension.swift; sourceTree = "<group>"; };
		B1A9623F2AB3B9B100B19CF2 /* AnimalListItemView.swift */ = {isa = PBXFileReference; lastKnownFileType = sourcecode.swift; path = AnimalListItemView.swift; sourceTree = "<group>"; };
		B1A962412AB3BB0200B19CF2 /* AnimalModel.swift */ = {isa = PBXFileReference; lastKnownFileType = sourcecode.swift; path = AnimalModel.swift; sourceTree = "<group>"; };
		B1A962432AB3EA4500B19CF2 /* AnimalDetailView.swift */ = {isa = PBXFileReference; lastKnownFileType = sourcecode.swift; path = AnimalDetailView.swift; sourceTree = "<group>"; };
		B1A962452AB3EC8600B19CF2 /* HeadingView.swift */ = {isa = PBXFileReference; lastKnownFileType = sourcecode.swift; path = HeadingView.swift; sourceTree = "<group>"; };
		B1A962472AB3ED8900B19CF2 /* InsetGalleryView.swift */ = {isa = PBXFileReference; lastKnownFileType = sourcecode.swift; path = InsetGalleryView.swift; sourceTree = "<group>"; };
		B1A962492AB3F01700B19CF2 /* InsetFactView.swift */ = {isa = PBXFileReference; lastKnownFileType = sourcecode.swift; path = InsetFactView.swift; sourceTree = "<group>"; };
		B1A9624B2AB3F32800B19CF2 /* InsetMapView.swift */ = {isa = PBXFileReference; lastKnownFileType = sourcecode.swift; path = InsetMapView.swift; sourceTree = "<group>"; };
		B1A9624D2AB3F5B400B19CF2 /* ExternalWeblinkView.swift */ = {isa = PBXFileReference; lastKnownFileType = sourcecode.swift; path = ExternalWeblinkView.swift; sourceTree = "<group>"; };
		B1A9624F2AB3FB4000B19CF2 /* VideoModel.swift */ = {isa = PBXFileReference; lastKnownFileType = sourcecode.swift; path = VideoModel.swift; sourceTree = "<group>"; };
		B1A962512AB3FB8800B19CF2 /* VideoListItemView.swift */ = {isa = PBXFileReference; lastKnownFileType = sourcecode.swift; path = VideoListItemView.swift; sourceTree = "<group>"; };
		B1A962532AB400CB00B19CF2 /* VideoPlayerView.swift */ = {isa = PBXFileReference; lastKnownFileType = sourcecode.swift; path = VideoPlayerView.swift; sourceTree = "<group>"; };
		B1A962562AB4019300B19CF2 /* VideoPlayerHelper.swift */ = {isa = PBXFileReference; lastKnownFileType = sourcecode.swift; path = VideoPlayerHelper.swift; sourceTree = "<group>"; };
		B1A962582AB4049D00B19CF2 /* LocationModel.swift */ = {isa = PBXFileReference; lastKnownFileType = sourcecode.swift; path = LocationModel.swift; sourceTree = "<group>"; };
/* End PBXFileReference section */

/* Begin PBXFrameworksBuildPhase section */
		B1A961FA2AB3ACEC00B19CF2 /* Frameworks */ = {
			isa = PBXFrameworksBuildPhase;
			buildActionMask = 2147483647;
			files = (
			);
			runOnlyForDeploymentPostprocessing = 0;
		};
/* End PBXFrameworksBuildPhase section */

/* Begin PBXGroup section */
		B1A961F42AB3ACEC00B19CF2 = {
			isa = PBXGroup;
			children = (
				B1A961FF2AB3ACEC00B19CF2 /* Africa */,
				B1A961FE2AB3ACEC00B19CF2 /* Products */,
			);
			sourceTree = "<group>";
		};
		B1A961FE2AB3ACEC00B19CF2 /* Products */ = {
			isa = PBXGroup;
			children = (
				B1A961FD2AB3ACEC00B19CF2 /* Africa.app */,
			);
			name = Products;
			sourceTree = "<group>";
		};
		B1A961FF2AB3ACEC00B19CF2 /* Africa */ = {
			isa = PBXGroup;
			children = (
				B1A962552AB4017F00B19CF2 /* Helper */,
				B1A9623C2AB3B5DA00B19CF2 /* Extension */,
				B1A962392AB3B50000B19CF2 /* Model */,
				B1A962362AB3B38000B19CF2 /* View */,
				B1A9622C2AB3AFC800B19CF2 /* Info.plist */,
				B1A962232AB3AF1300B19CF2 /* Data */,
				B1A9620E2AB3AEDB00B19CF2 /* Video */,
				B1A9622D2AB3B07E00B19CF2 /* App */,
				B1A962042AB3ACED00B19CF2 /* Assets.xcassets */,
				B1A962062AB3ACED00B19CF2 /* Preview Content */,
			);
			path = Africa;
			sourceTree = "<group>";
		};
		B1A962062AB3ACED00B19CF2 /* Preview Content */ = {
			isa = PBXGroup;
			children = (
				B1A962072AB3ACED00B19CF2 /* Preview Assets.xcassets */,
			);
			path = "Preview Content";
			sourceTree = "<group>";
		};
		B1A9620E2AB3AEDB00B19CF2 /* Video */ = {
			isa = PBXGroup;
			children = (
				B1A962142AB3AEFB00B19CF2 /* cheetah.mp4 */,
				B1A962162AB3AEFB00B19CF2 /* elephant.mp4 */,
				B1A962172AB3AEFC00B19CF2 /* giraffe.mp4 */,
				B1A962102AB3AEFA00B19CF2 /* gorilla.mp4 */,
				B1A962182AB3AEFC00B19CF2 /* hippo.mp4 */,
				B1A962122AB3AEFA00B19CF2 /* lion.mp4 */,
				B1A962152AB3AEFB00B19CF2 /* lioness.mp4 */,
				B1A9620F2AB3AEFA00B19CF2 /* ostrich.mp4 */,
				B1A962112AB3AEFA00B19CF2 /* rhino.mp4 */,
				B1A962132AB3AEFB00B19CF2 /* zebra.mp4 */,
			);
			path = Video;
			sourceTree = "<group>";
		};
		B1A962232AB3AF1300B19CF2 /* Data */ = {
			isa = PBXGroup;
			children = (
				B1A962272AB3AF2A00B19CF2 /* animals.json */,
				B1A962262AB3AF2A00B19CF2 /* covers.json */,
				B1A962242AB3AF2A00B19CF2 /* locations.json */,
				B1A962252AB3AF2A00B19CF2 /* videos.json */,
			);
			path = Data;
			sourceTree = "<group>";
		};
		B1A9622D2AB3B07E00B19CF2 /* App */ = {
			isa = PBXGroup;
			children = (
				B1A962002AB3ACEC00B19CF2 /* AfricaApp.swift */,
				B1A962022AB3ACEC00B19CF2 /* ContentView.swift */,
				B1A9622E2AB3B0BD00B19CF2 /* VideoListView.swift */,
				B1A962302AB3B0D900B19CF2 /* MapView.swift */,
				B1A962322AB3B0ED00B19CF2 /* GalleryView.swift */,
				B1A962342AB3B0FE00B19CF2 /* MainView.swift */,
			);
			path = App;
			sourceTree = "<group>";
		};
		B1A962362AB3B38000B19CF2 /* View */ = {
			isa = PBXGroup;
			children = (
				B1A962372AB3B38D00B19CF2 /* CoverImageView.swift */,
				B1A9623F2AB3B9B100B19CF2 /* AnimalListItemView.swift */,
				B1A962432AB3EA4500B19CF2 /* AnimalDetailView.swift */,
				B1A962452AB3EC8600B19CF2 /* HeadingView.swift */,
				B1A962472AB3ED8900B19CF2 /* InsetGalleryView.swift */,
				B1A962492AB3F01700B19CF2 /* InsetFactView.swift */,
				B1A9624B2AB3F32800B19CF2 /* InsetMapView.swift */,
				B1A9624D2AB3F5B400B19CF2 /* ExternalWeblinkView.swift */,
				B1A962512AB3FB8800B19CF2 /* VideoListItemView.swift */,
				B1A962532AB400CB00B19CF2 /* VideoPlayerView.swift */,
			);
			path = View;
			sourceTree = "<group>";
		};
		B1A962392AB3B50000B19CF2 /* Model */ = {
			isa = PBXGroup;
			children = (
				B1A9623A2AB3B50F00B19CF2 /* CoverImageModel.swift */,
				B1A962412AB3BB0200B19CF2 /* AnimalModel.swift */,
				B1A9624F2AB3FB4000B19CF2 /* VideoModel.swift */,
				B1A962582AB4049D00B19CF2 /* LocationModel.swift */,
			);
			path = Model;
			sourceTree = "<group>";
		};
		B1A9623C2AB3B5DA00B19CF2 /* Extension */ = {
			isa = PBXGroup;
			children = (
				B1A9623D2AB3B5F800B19CF2 /* CodableBundleExtension.swift */,
			);
			path = Extension;
			sourceTree = "<group>";
		};
		B1A962552AB4017F00B19CF2 /* Helper */ = {
			isa = PBXGroup;
			children = (
				B1A962562AB4019300B19CF2 /* VideoPlayerHelper.swift */,
			);
			path = Helper;
			sourceTree = "<group>";
		};
/* End PBXGroup section */

/* Begin PBXNativeTarget section */
		B1A961FC2AB3ACEC00B19CF2 /* Africa */ = {
			isa = PBXNativeTarget;
			buildConfigurationList = B1A9620B2AB3ACED00B19CF2 /* Build configuration list for PBXNativeTarget "Africa" */;
			buildPhases = (
				B1A961F92AB3ACEC00B19CF2 /* Sources */,
				B1A961FA2AB3ACEC00B19CF2 /* Frameworks */,
				B1A961FB2AB3ACEC00B19CF2 /* Resources */,
			);
			buildRules = (
			);
			dependencies = (
			);
			name = Africa;
			productName = Africa;
			productReference = B1A961FD2AB3ACEC00B19CF2 /* Africa.app */;
			productType = "com.apple.product-type.application";
		};
/* End PBXNativeTarget section */

/* Begin PBXProject section */
		B1A961F52AB3ACEC00B19CF2 /* Project object */ = {
			isa = PBXProject;
			attributes = {
				BuildIndependentTargetsInParallel = 1;
				LastSwiftUpdateCheck = 1430;
				LastUpgradeCheck = 1430;
				TargetAttributes = {
					B1A961FC2AB3ACEC00B19CF2 = {
						CreatedOnToolsVersion = 14.3.1;
					};
				};
			};
			buildConfigurationList = B1A961F82AB3ACEC00B19CF2 /* Build configuration list for PBXProject "Africa" */;
			compatibilityVersion = "Xcode 14.0";
			developmentRegion = en;
			hasScannedForEncodings = 0;
			knownRegions = (
				en,
				Base,
			);
			mainGroup = B1A961F42AB3ACEC00B19CF2;
			productRefGroup = B1A961FE2AB3ACEC00B19CF2 /* Products */;
			projectDirPath = "";
			projectRoot = "";
			targets = (
				B1A961FC2AB3ACEC00B19CF2 /* Africa */,
			);
		};
/* End PBXProject section */

/* Begin PBXResourcesBuildPhase section */
		B1A961FB2AB3ACEC00B19CF2 /* Resources */ = {
			isa = PBXResourcesBuildPhase;
			buildActionMask = 2147483647;
			files = (
				B1A962282AB3AF2A00B19CF2 /* locations.json in Resources */,
				B1A9621A2AB3AEFC00B19CF2 /* gorilla.mp4 in Resources */,
				B1A9621C2AB3AEFC00B19CF2 /* lion.mp4 in Resources */,
				B1A962292AB3AF2A00B19CF2 /* videos.json in Resources */,
				B1A9621F2AB3AEFC00B19CF2 /* lioness.mp4 in Resources */,
				B1A962192AB3AEFC00B19CF2 /* ostrich.mp4 in Resources */,
				B1A962222AB3AEFC00B19CF2 /* hippo.mp4 in Resources */,
				B1A962082AB3ACED00B19CF2 /* Preview Assets.xcassets in Resources */,
				B1A9621E2AB3AEFC00B19CF2 /* cheetah.mp4 in Resources */,
				B1A9622B2AB3AF2A00B19CF2 /* animals.json in Resources */,
				B1A962212AB3AEFC00B19CF2 /* giraffe.mp4 in Resources */,
				B1A9622A2AB3AF2A00B19CF2 /* covers.json in Resources */,
				B1A9621B2AB3AEFC00B19CF2 /* rhino.mp4 in Resources */,
				B1A9621D2AB3AEFC00B19CF2 /* zebra.mp4 in Resources */,
				B1A962202AB3AEFC00B19CF2 /* elephant.mp4 in Resources */,
				B1A962052AB3ACED00B19CF2 /* Assets.xcassets in Resources */,
			);
			runOnlyForDeploymentPostprocessing = 0;
		};
/* End PBXResourcesBuildPhase section */

/* Begin PBXSourcesBuildPhase section */
		B1A961F92AB3ACEC00B19CF2 /* Sources */ = {
			isa = PBXSourcesBuildPhase;
			buildActionMask = 2147483647;
			files = (
				B1A9624E2AB3F5B400B19CF2 /* ExternalWeblinkView.swift in Sources */,
				B1A962032AB3ACEC00B19CF2 /* ContentView.swift in Sources */,
				B1A962402AB3B9B100B19CF2 /* AnimalListItemView.swift in Sources */,
				B1A962352AB3B0FE00B19CF2 /* MainView.swift in Sources */,
				B1A9624A2AB3F01700B19CF2 /* InsetFactView.swift in Sources */,
				B1A962382AB3B38D00B19CF2 /* CoverImageView.swift in Sources */,
				B1A9623B2AB3B50F00B19CF2 /* CoverImageModel.swift in Sources */,
				B1A962442AB3EA4500B19CF2 /* AnimalDetailView.swift in Sources */,
				B1A962422AB3BB0200B19CF2 /* AnimalModel.swift in Sources */,
				B1A962312AB3B0D900B19CF2 /* MapView.swift in Sources */,
				B1A962572AB4019300B19CF2 /* VideoPlayerHelper.swift in Sources */,
				B1A9624C2AB3F32800B19CF2 /* InsetMapView.swift in Sources */,
				B1A962012AB3ACEC00B19CF2 /* AfricaApp.swift in Sources */,
				B1A9622F2AB3B0BD00B19CF2 /* VideoListView.swift in Sources */,
				B1A962502AB3FB4000B19CF2 /* VideoModel.swift in Sources */,
				B1A962332AB3B0ED00B19CF2 /* GalleryView.swift in Sources */,
				B1A962592AB4049D00B19CF2 /* LocationModel.swift in Sources */,
				B1A962482AB3ED8900B19CF2 /* InsetGalleryView.swift in Sources */,
				B1A962522AB3FB8800B19CF2 /* VideoListItemView.swift in Sources */,
				B1A9623E2AB3B5F800B19CF2 /* CodableBundleExtension.swift in Sources */,
				B1A962462AB3EC8600B19CF2 /* HeadingView.swift in Sources */,
				B1A962542AB400CB00B19CF2 /* VideoPlayerView.swift in Sources */,
			);
			runOnlyForDeploymentPostprocessing = 0;
		};
/* End PBXSourcesBuildPhase section */

/* Begin XCBuildConfiguration section */
		B1A962092AB3ACED00B19CF2 /* Debug */ = {
			isa = XCBuildConfiguration;
			buildSettings = {
				ALWAYS_SEARCH_USER_PATHS = NO;
				CLANG_ANALYZER_NONNULL = YES;
				CLANG_ANALYZER_NUMBER_OBJECT_CONVERSION = YES_AGGRESSIVE;
				CLANG_CXX_LANGUAGE_STANDARD = "gnu++20";
				CLANG_ENABLE_MODULES = YES;
				CLANG_ENABLE_OBJC_ARC = YES;
				CLANG_ENABLE_OBJC_WEAK = YES;
				CLANG_WARN_BLOCK_CAPTURE_AUTORELEASING = YES;
				CLANG_WARN_BOOL_CONVERSION = YES;
				CLANG_WARN_COMMA = YES;
				CLANG_WARN_CONSTANT_CONVERSION = YES;
				CLANG_WARN_DEPRECATED_OBJC_IMPLEMENTATIONS = YES;
				CLANG_WARN_DIRECT_OBJC_ISA_USAGE = YES_ERROR;
				CLANG_WARN_DOCUMENTATION_COMMENTS = YES;
				CLANG_WARN_EMPTY_BODY = YES;
				CLANG_WARN_ENUM_CONVERSION = YES;
				CLANG_WARN_INFINITE_RECURSION = YES;
				CLANG_WARN_INT_CONVERSION = YES;
				CLANG_WARN_NON_LITERAL_NULL_CONVERSION = YES;
				CLANG_WARN_OBJC_IMPLICIT_RETAIN_SELF = YES;
				CLANG_WARN_OBJC_LITERAL_CONVERSION = YES;
				CLANG_WARN_OBJC_ROOT_CLASS = YES_ERROR;
				CLANG_WARN_QUOTED_INCLUDE_IN_FRAMEWORK_HEADER = YES;
				CLANG_WARN_RANGE_LOOP_ANALYSIS = YES;
				CLANG_WARN_STRICT_PROTOTYPES = YES;
				CLANG_WARN_SUSPICIOUS_MOVE = YES;
				CLANG_WARN_UNGUARDED_AVAILABILITY = YES_AGGRESSIVE;
				CLANG_WARN_UNREACHABLE_CODE = YES;
				CLANG_WARN__DUPLICATE_METHOD_MATCH = YES;
				COPY_PHASE_STRIP = NO;
				DEBUG_INFORMATION_FORMAT = dwarf;
				ENABLE_STRICT_OBJC_MSGSEND = YES;
				ENABLE_TESTABILITY = YES;
				GCC_C_LANGUAGE_STANDARD = gnu11;
				GCC_DYNAMIC_NO_PIC = NO;
				GCC_NO_COMMON_BLOCKS = YES;
				GCC_OPTIMIZATION_LEVEL = 0;
				GCC_PREPROCESSOR_DEFINITIONS = (
					"DEBUG=1",
					"$(inherited)",
				);
				GCC_WARN_64_TO_32_BIT_CONVERSION = YES;
				GCC_WARN_ABOUT_RETURN_TYPE = YES_ERROR;
				GCC_WARN_UNDECLARED_SELECTOR = YES;
				GCC_WARN_UNINITIALIZED_AUTOS = YES_AGGRESSIVE;
				GCC_WARN_UNUSED_FUNCTION = YES;
				GCC_WARN_UNUSED_VARIABLE = YES;
				IPHONEOS_DEPLOYMENT_TARGET = 16.4;
				MTL_ENABLE_DEBUG_INFO = INCLUDE_SOURCE;
				MTL_FAST_MATH = YES;
				ONLY_ACTIVE_ARCH = YES;
				SDKROOT = iphoneos;
				SWIFT_ACTIVE_COMPILATION_CONDITIONS = DEBUG;
				SWIFT_OPTIMIZATION_LEVEL = "-Onone";
			};
			name = Debug;
		};
		B1A9620A2AB3ACED00B19CF2 /* Release */ = {
			isa = XCBuildConfiguration;
			buildSettings = {
				ALWAYS_SEARCH_USER_PATHS = NO;
				CLANG_ANALYZER_NONNULL = YES;
				CLANG_ANALYZER_NUMBER_OBJECT_CONVERSION = YES_AGGRESSIVE;
				CLANG_CXX_LANGUAGE_STANDARD = "gnu++20";
				CLANG_ENABLE_MODULES = YES;
				CLANG_ENABLE_OBJC_ARC = YES;
				CLANG_ENABLE_OBJC_WEAK = YES;
				CLANG_WARN_BLOCK_CAPTURE_AUTORELEASING = YES;
				CLANG_WARN_BOOL_CONVERSION = YES;
				CLANG_WARN_COMMA = YES;
				CLANG_WARN_CONSTANT_CONVERSION = YES;
				CLANG_WARN_DEPRECATED_OBJC_IMPLEMENTATIONS = YES;
				CLANG_WARN_DIRECT_OBJC_ISA_USAGE = YES_ERROR;
				CLANG_WARN_DOCUMENTATION_COMMENTS = YES;
				CLANG_WARN_EMPTY_BODY = YES;
				CLANG_WARN_ENUM_CONVERSION = YES;
				CLANG_WARN_INFINITE_RECURSION = YES;
				CLANG_WARN_INT_CONVERSION = YES;
				CLANG_WARN_NON_LITERAL_NULL_CONVERSION = YES;
				CLANG_WARN_OBJC_IMPLICIT_RETAIN_SELF = YES;
				CLANG_WARN_OBJC_LITERAL_CONVERSION = YES;
				CLANG_WARN_OBJC_ROOT_CLASS = YES_ERROR;
				CLANG_WARN_QUOTED_INCLUDE_IN_FRAMEWORK_HEADER = YES;
				CLANG_WARN_RANGE_LOOP_ANALYSIS = YES;
				CLANG_WARN_STRICT_PROTOTYPES = YES;
				CLANG_WARN_SUSPICIOUS_MOVE = YES;
				CLANG_WARN_UNGUARDED_AVAILABILITY = YES_AGGRESSIVE;
				CLANG_WARN_UNREACHABLE_CODE = YES;
				CLANG_WARN__DUPLICATE_METHOD_MATCH = YES;
				COPY_PHASE_STRIP = NO;
				DEBUG_INFORMATION_FORMAT = "dwarf-with-dsym";
				ENABLE_NS_ASSERTIONS = NO;
				ENABLE_STRICT_OBJC_MSGSEND = YES;
				GCC_C_LANGUAGE_STANDARD = gnu11;
				GCC_NO_COMMON_BLOCKS = YES;
				GCC_WARN_64_TO_32_BIT_CONVERSION = YES;
				GCC_WARN_ABOUT_RETURN_TYPE = YES_ERROR;
				GCC_WARN_UNDECLARED_SELECTOR = YES;
				GCC_WARN_UNINITIALIZED_AUTOS = YES_AGGRESSIVE;
				GCC_WARN_UNUSED_FUNCTION = YES;
				GCC_WARN_UNUSED_VARIABLE = YES;
				IPHONEOS_DEPLOYMENT_TARGET = 16.4;
				MTL_ENABLE_DEBUG_INFO = NO;
				MTL_FAST_MATH = YES;
				SDKROOT = iphoneos;
				SWIFT_COMPILATION_MODE = wholemodule;
				SWIFT_OPTIMIZATION_LEVEL = "-O";
				VALIDATE_PRODUCT = YES;
			};
			name = Release;
		};
		B1A9620C2AB3ACED00B19CF2 /* Debug */ = {
			isa = XCBuildConfiguration;
			buildSettings = {
				ASSETCATALOG_COMPILER_APPICON_NAME = AppIcon;
				ASSETCATALOG_COMPILER_GLOBAL_ACCENT_COLOR_NAME = AccentColor;
				CODE_SIGN_STYLE = Automatic;
				CURRENT_PROJECT_VERSION = 1;
				DEVELOPMENT_ASSET_PATHS = "\"Africa/Preview Content\"";
				DEVELOPMENT_TEAM = 22Y84CBR26;
				ENABLE_PREVIEWS = YES;
				GENERATE_INFOPLIST_FILE = YES;
				INFOPLIST_FILE = Africa/Info.plist;
				INFOPLIST_KEY_UIApplicationSceneManifest_Generation = YES;
				INFOPLIST_KEY_UIApplicationSupportsIndirectInputEvents = YES;
				INFOPLIST_KEY_UISupportedInterfaceOrientations_iPad = "UIInterfaceOrientationPortrait UIInterfaceOrientationPortraitUpsideDown UIInterfaceOrientationLandscapeLeft UIInterfaceOrientationLandscapeRight";
				INFOPLIST_KEY_UISupportedInterfaceOrientations_iPhone = "UIInterfaceOrientationPortrait UIInterfaceOrientationLandscapeLeft UIInterfaceOrientationLandscapeRight";
				INFOPLIST_KEY_UIUserInterfaceStyle = Dark;
				LD_RUNPATH_SEARCH_PATHS = (
					"$(inherited)",
					"@executable_path/Frameworks",
				);
				MARKETING_VERSION = 1.0;
				PRODUCT_BUNDLE_IDENTIFIER = com.kimruandev.studies.Africa;
				PRODUCT_NAME = "$(TARGET_NAME)";
				SWIFT_EMIT_LOC_STRINGS = YES;
				SWIFT_VERSION = 5.0;
				TARGETED_DEVICE_FAMILY = "1,2";
			};
			name = Debug;
		};
		B1A9620D2AB3ACED00B19CF2 /* Release */ = {
			isa = XCBuildConfiguration;
			buildSettings = {
				ASSETCATALOG_COMPILER_APPICON_NAME = AppIcon;
				ASSETCATALOG_COMPILER_GLOBAL_ACCENT_COLOR_NAME = AccentColor;
				CODE_SIGN_STYLE = Automatic;
				CURRENT_PROJECT_VERSION = 1;
				DEVELOPMENT_ASSET_PATHS = "\"Africa/Preview Content\"";
				DEVELOPMENT_TEAM = 22Y84CBR26;
				ENABLE_PREVIEWS = YES;
				GENERATE_INFOPLIST_FILE = YES;
				INFOPLIST_FILE = Africa/Info.plist;
				INFOPLIST_KEY_UIApplicationSceneManifest_Generation = YES;
				INFOPLIST_KEY_UIApplicationSupportsIndirectInputEvents = YES;
				INFOPLIST_KEY_UISupportedInterfaceOrientations_iPad = "UIInterfaceOrientationPortrait UIInterfaceOrientationPortraitUpsideDown UIInterfaceOrientationLandscapeLeft UIInterfaceOrientationLandscapeRight";
				INFOPLIST_KEY_UISupportedInterfaceOrientations_iPhone = "UIInterfaceOrientationPortrait UIInterfaceOrientationLandscapeLeft UIInterfaceOrientationLandscapeRight";
				INFOPLIST_KEY_UIUserInterfaceStyle = Dark;
				LD_RUNPATH_SEARCH_PATHS = (
					"$(inherited)",
					"@executable_path/Frameworks",
				);
				MARKETING_VERSION = 1.0;
				PRODUCT_BUNDLE_IDENTIFIER = com.kimruandev.studies.Africa;
				PRODUCT_NAME = "$(TARGET_NAME)";
				SWIFT_EMIT_LOC_STRINGS = YES;
				SWIFT_VERSION = 5.0;
				TARGETED_DEVICE_FAMILY = "1,2";
			};
			name = Release;
		};
/* End XCBuildConfiguration section */

/* Begin XCConfigurationList section */
		B1A961F82AB3ACEC00B19CF2 /* Build configuration list for PBXProject "Africa" */ = {
			isa = XCConfigurationList;
			buildConfigurations = (
				B1A962092AB3ACED00B19CF2 /* Debug */,
				B1A9620A2AB3ACED00B19CF2 /* Release */,
			);
			defaultConfigurationIsVisible = 0;
			defaultConfigurationName = Release;
		};
		B1A9620B2AB3ACED00B19CF2 /* Build configuration list for PBXNativeTarget "Africa" */ = {
			isa = XCConfigurationList;
			buildConfigurations = (
				B1A9620C2AB3ACED00B19CF2 /* Debug */,
				B1A9620D2AB3ACED00B19CF2 /* Release */,
			);
			defaultConfigurationIsVisible = 0;
			defaultConfigurationName = Release;
		};
/* End XCConfigurationList section */
	};
	rootObject = B1A961F52AB3ACEC00B19CF2 /* Project object */;
}
